
Microsoft Visual Studio Solution File, Format Version 11.00
# Visual C++ Express 2010
Project("{8BC9CEB8-8B4A-11D0-8D11-00A0C91BC942}") = "EQEmu Particle Editor", "EQEmu Particle Editor.vcxproj", "{41AA0513-327A-46D1-9C87-88756A392FE1}"
EndProject
Global
	GlobalSection(SolutionConfigurationPlatforms) = preSolution
		Debug|Win32 = Debug|Win32
		Release|Win32 = Release|Win32
	EndGlobalSection
	GlobalSection(ProjectConfigurationPlatforms) = postSolution
		{41AA0513-327A-46D1-9C87-88756A392FE1}.Debug|Win32.ActiveCfg = Debug|Win32
		{41AA0513-327A-46D1-9C87-88756A392FE1}.Debug|Win32.Build.0 = Debug|Win32
		{41AA0513-327A-46D1-9C87-88756A392FE1}.Release|Win32.ActiveCfg = Release|Win32
		{41AA0513-327A-46D1-9C87-88756A392FE1}.Release|Win32.Build.0 = Release|Win32
	EndGlobalSection
	GlobalSection(SolutionProperties) = preSolution
		HideSolutionNode = FALSE
	EndGlobalSection
EndGlobal
